PODS:
  - PageMenu (2.0.0)
  - R.swift (3.3.0):
    - R.swift.Library (~> 3.0.2)
  - R.swift.Library (3.0.2)
  - Reveal-SDK (8)

DEPENDENCIES:
  - PageMenu (from `https://github.com/PageMenu/PageMenu`)
  - R.swift (~> 3.3.0)
  - Reveal-SDK

EXTERNAL SOURCES:
  PageMenu:
    :git: https://github.com/PageMenu/PageMenu

CHECKOUT OPTIONS:
  PageMenu:
    :commit: 06519bbb372a7ad52fb693992f1ef5e1643c68dd
    :git: https://github.com/PageMenu/PageMenu

SPEC CHECKSUMS:
  PageMenu: 50134deb498b120cfcd086fee1bce35a4b2f9c81
  R.swift: bde9704d50ff36820f49e266bc88ef545e1e9b36
  R.swift.Library: fbdec16c9802ad104fc1ba53415dc190e6ec5c73
  Reveal-SDK: 43be4e662864e937960d0d04d005135e29c4e53b

PODFILE CHECKSUM: b6ee8875fd992eafc105bed015377b037e65045d

COCOAPODS: 1.2.0
